
Microsoft Visual Studio Solution File, Format Version 12.00
# Visual Studio Version 17
VisualStudioVersion = 17.4.33213.308
MinimumVisualStudioVersion = 10.0.40219.1
Project("{FAE04EC0-301F-11D3-BF4B-00C04F79EFBC}") = "LList-UC6", "LList-UC6\LList-UC6.csproj", "{80C487C9-5BA1-4228-AE8B-706DD1A936DA}"
EndProject
Global
	GlobalSection(SolutionConfigurationPlatforms) = preSolution
		Debug|Any CPU = Debug|Any CPU
		Release|Any CPU = Release|Any CPU
	EndGlobalSection
	GlobalSection(ProjectConfigurationPlatforms) = postSolution
		{80C487C9-5BA1-4228-AE8B-706DD1A936DA}.Debug|Any CPU.ActiveCfg = Debug|Any CPU
		{80C487C9-5BA1-4228-AE8B-706DD1A936DA}.Debug|Any CPU.Build.0 = Debug|Any CPU
		{80C487C9-5BA1-4228-AE8B-706DD1A936DA}.Release|Any CPU.ActiveCfg = Release|Any CPU
		{80C487C9-5BA1-4228-AE8B-706DD1A936DA}.Release|Any CPU.Build.0 = Release|Any CPU
	EndGlobalSection
	GlobalSection(SolutionProperties) = preSolution
		HideSolutionNode = FALSE
	EndGlobalSection
	GlobalSection(ExtensibilityGlobals) = postSolution
		SolutionGuid = {3252AF1D-8710-4719-866B-4D9656DC8AC3}
	EndGlobalSection
EndGlobal
