
Microsoft Visual Studio Solution File, Format Version 12.00
# Visual Studio Version 17
VisualStudioVersion = 17.4.33213.308
MinimumVisualStudioVersion = 10.0.40219.1
Project("{FAE04EC0-301F-11D3-BF4B-00C04F79EFBC}") = "LList-UC1", "LList-UC1\LList-UC1.csproj", "{7AFF9E93-6DCC-4C5B-92E0-4E4600C122A5}"
EndProject
Global
	GlobalSection(SolutionConfigurationPlatforms) = preSolution
		Debug|Any CPU = Debug|Any CPU
		Release|Any CPU = Release|Any CPU
	EndGlobalSection
	GlobalSection(ProjectConfigurationPlatforms) = postSolution
		{7AFF9E93-6DCC-4C5B-92E0-4E4600C122A5}.Debug|Any CPU.ActiveCfg = Debug|Any CPU
		{7AFF9E93-6DCC-4C5B-92E0-4E4600C122A5}.Debug|Any CPU.Build.0 = Debug|Any CPU
		{7AFF9E93-6DCC-4C5B-92E0-4E4600C122A5}.Release|Any CPU.ActiveCfg = Release|Any CPU
		{7AFF9E93-6DCC-4C5B-92E0-4E4600C122A5}.Release|Any CPU.Build.0 = Release|Any CPU
	EndGlobalSection
	GlobalSection(SolutionProperties) = preSolution
		HideSolutionNode = FALSE
	EndGlobalSection
	GlobalSection(ExtensibilityGlobals) = postSolution
		SolutionGuid = {49C3B259-ACF5-43B9-AE3B-183E8F5A02F3}
	EndGlobalSection
EndGlobal
